DEPENDENCIES
  allure-commandline
    path: .
    metadata: true
  allure-commandline-integration
    path: test/support/cookbooks/allure-commandline-integration
  yum

GRAPH
  allure-commandline (0.1.0)
    tar (~> 2.0.0)
  allure-commandline-integration (0.1.0)
    allure-commandline (>= 0.0.0)
    java (>= 0.0.0)
  apt (6.0.1)
  homebrew (3.0.0)
  java (1.47.0)
    apt (>= 0.0.0)
    homebrew (>= 0.0.0)
    windows (>= 0.0.0)
  ohai (5.0.0)
  tar (2.0.0)
  windows (2.1.1)
    ohai (>= 4.0.0)
  yum (5.0.0)
